// !$*UTF8*$!
{
	archiveVersion = 1;
	classes = {
	};
	objectVersion = 46;
	objects = {

/* Begin PBXBuildFile section */
		5A26F7AA1EEB17F2009DFC81 /* main.m in Sources */ = {isa = PBXBuildFile; fileRef = 5A26F7A91EEB17F2009DFC81 /* main.m */; };
		5A26F7AD1EEB17F2009DFC81 /* AppDelegate.m in Sources */ = {isa = PBXBuildFile; fileRef = 5A26F7AC1EEB17F2009DFC81 /* AppDelegate.m */; };
		5A26F7B01EEB17F2009DFC81 /* ViewController.m in Sources */ = {isa = PBXBuildFile; fileRef = 5A26F7AF1EEB17F2009DFC81 /* ViewController.m */; };
		5A26F7B31EEB17F2009DFC81 /* Main.storyboard in Resources */ = {isa = PBXBuildFile; fileRef = 5A26F7B11EEB17F2009DFC81 /* Main.storyboard */; };
		5A26F7B51EEB17F2009DFC81 /* Assets.xcassets in Resources */ = {isa = PBXBuildFile; fileRef = 5A26F7B41EEB17F2009DFC81 /* Assets.xcassets */; };
		5A26F7B81EEB17F2009DFC81 /* LaunchScreen.storyboard in Resources */ = {isa = PBXBuildFile; fileRef = 5A26F7B61EEB17F2009DFC81 /* LaunchScreen.storyboard */; };
		5A26F7C31EEB17F2009DFC81 /* stripetestTests.m in Sources */ = {isa = PBXBuildFile; fileRef = 5A26F7C21EEB17F2009DFC81 /* stripetestTests.m */; };
		5A26F7CE1EEB17F2009DFC81 /* stripetestUITests.m in Sources */ = {isa = PBXBuildFile; fileRef = 5A26F7CD1EEB17F2009DFC81 /* stripetestUITests.m */; };
/* End PBXBuildFile section */

/* Begin PBXContainerItemProxy section */
		5A26F7BF1EEB17F2009DFC81 /* PBXContainerItemProxy */ = {
			isa = PBXContainerItemProxy;
			containerPortal = 5A26F79D1EEB17F2009DFC81 /* Project object */;
			proxyType = 1;
			remoteGlobalIDString = 5A26F7A41EEB17F2009DFC81;
			remoteInfo = stripetest;
		};
		5A26F7CA1EEB17F2009DFC81 /* PBXContainerItemProxy */ = {
			isa = PBXContainerItemProxy;
			containerPortal = 5A26F79D1EEB17F2009DFC81 /* Project object */;
			proxyType = 1;
			remoteGlobalIDString = 5A26F7A41EEB17F2009DFC81;
			remoteInfo = stripetest;
		};
/* End PBXContainerItemProxy section */

/* Begin PBXFileReference section */
		5A26F7A51EEB17F2009DFC81 /* stripetest.app */ = {isa = PBXFileReference; explicitFileType = wrapper.application; includeInIndex = 0; path = stripetest.app; sourceTree = BUILT_PRODUCTS_DIR; };
		5A26F7A91EEB17F2009DFC81 /* main.m */ = {isa = PBXFileReference; lastKnownFileType = sourcecode.c.objc; path = main.m; sourceTree = "<group>"; };
		5A26F7AB1EEB17F2009DFC81 /* AppDelegate.h */ = {isa = PBXFileReference; lastKnownFileType = sourcecode.c.h; path = AppDelegate.h; sourceTree = "<group>"; };
		5A26F7AC1EEB17F2009DFC81 /* AppDelegate.m */ = {isa = PBXFileReference; lastKnownFileType = sourcecode.c.objc; path = AppDelegate.m; sourceTree = "<group>"; };
		5A26F7AE1EEB17F2009DFC81 /* ViewController.h */ = {isa = PBXFileReference; lastKnownFileType = sourcecode.c.h; path = ViewController.h; sourceTree = "<group>"; };
		5A26F7AF1EEB17F2009DFC81 /* ViewController.m */ = {isa = PBXFileReference; lastKnownFileType = sourcecode.c.objc; path = ViewController.m; sourceTree = "<group>"; };
		5A26F7B21EEB17F2009DFC81 /* Base */ = {isa = PBXFileReference; lastKnownFileType = file.storyboard; name = Base; path = Base.lproj/Main.storyboard; sourceTree = "<group>"; };
		5A26F7B41EEB17F2009DFC81 /* Assets.xcassets */ = {isa = PBXFileReference; lastKnownFileType = folder.assetcatalog; path = Assets.xcassets; sourceTree = "<group>"; };
		5A26F7B71EEB17F2009DFC81 /* Base */ = {isa = PBXFileReference; lastKnownFileType = file.storyboard; name = Base; path = Base.lproj/LaunchScreen.storyboard; sourceTree = "<group>"; };
		5A26F7B91EEB17F2009DFC81 /* Info.plist */ = {isa = PBXFileReference; lastKnownFileType = text.plist.xml; path = Info.plist; sourceTree = "<group>"; };
		5A26F7BE1EEB17F2009DFC81 /* stripetestTests.xctest */ = {isa = PBXFileReference; explicitFileType = wrapper.cfbundle; includeInIndex = 0; path = stripetestTests.xctest; sourceTree = BUILT_PRODUCTS_DIR; };
		5A26F7C21EEB17F2009DFC81 /* stripetestTests.m */ = {isa = PBXFileReference; lastKnownFileType = sourcecode.c.objc; path = stripetestTests.m; sourceTree = "<group>"; };
		5A26F7C41EEB17F2009DFC81 /* Info.plist */ = {isa = PBXFileReference; lastKnownFileType = text.plist.xml; path = Info.plist; sourceTree = "<group>"; };
		5A26F7C91EEB17F2009DFC81 /* stripetestUITests.xctest */ = {isa = PBXFileReference; explicitFileType = wrapper.cfbundle; includeInIndex = 0; path = stripetestUITests.xctest; sourceTree = BUILT_PRODUCTS_DIR; };
		5A26F7CD1EEB17F2009DFC81 /* stripetestUITests.m */ = {isa = PBXFileReference; lastKnownFileType = sourcecode.c.objc; path = stripetestUITests.m; sourceTree = "<group>"; };
		5A26F7CF1EEB17F2009DFC81 /* Info.plist */ = {isa = PBXFileReference; lastKnownFileType = text.plist.xml; path = Info.plist; sourceTree = "<group>"; };
/* End PBXFileReference section */

/* Begin PBXFrameworksBuildPhase section */
		5A26F7A21EEB17F2009DFC81 /* Frameworks */ = {
			isa = PBXFrameworksBuildPhase;
			buildActionMask = 2147483647;
			files = (
			);
			runOnlyForDeploymentPostprocessing = 0;
		};
		5A26F7BB1EEB17F2009DFC81 /* Frameworks */ = {
			isa = PBXFrameworksBuildPhase;
			buildActionMask = 2147483647;
			files = (
			);
			runOnlyForDeploymentPostprocessing = 0;
		};
		5A26F7C61EEB17F2009DFC81 /* Frameworks */ = {
			isa = PBXFrameworksBuildPhase;
			buildActionMask = 2147483647;
			files = (
			);
			runOnlyForDeploymentPostprocessing = 0;
		};
/* End PBXFrameworksBuildPhase section */

/* Begin PBXGroup section */
		5A26F79C1EEB17F2009DFC81 = {
			isa = PBXGroup;
			children = (
				5A26F7A71EEB17F2009DFC81 /* stripetest */,
				5A26F7C11EEB17F2009DFC81 /* stripetestTests */,
				5A26F7CC1EEB17F2009DFC81 /* stripetestUITests */,
				5A26F7A61EEB17F2009DFC81 /* Products */,
			);
			sourceTree = "<group>";
		};
		5A26F7A61EEB17F2009DFC81 /* Products */ = {
			isa = PBXGroup;
			children = (
				5A26F7A51EEB17F2009DFC81 /* stripetest.app */,
				5A26F7BE1EEB17F2009DFC81 /* stripetestTests.xctest */,
				5A26F7C91EEB17F2009DFC81 /* stripetestUITests.xctest */,
			);
			name = Products;
			sourceTree = "<group>";
		};
		5A26F7A71EEB17F2009DFC81 /* stripetest */ = {
			isa = PBXGroup;
			children = (
				5A26F7AB1EEB17F2009DFC81 /* AppDelegate.h */,
				5A26F7AC1EEB17F2009DFC81 /* AppDelegate.m */,
				5A26F7AE1EEB17F2009DFC81 /* ViewController.h */,
				5A26F7AF1EEB17F2009DFC81 /* ViewController.m */,
				5A26F7B11EEB17F2009DFC81 /* Main.storyboard */,
				5A26F7B41EEB17F2009DFC81 /* Assets.xcassets */,
				5A26F7B61EEB17F2009DFC81 /* LaunchScreen.storyboard */,
				5A26F7B91EEB17F2009DFC81 /* Info.plist */,
				5A26F7A81EEB17F2009DFC81 /* Supporting Files */,
			);
			path = stripetest;
			sourceTree = "<group>";
		};
		5A26F7A81EEB17F2009DFC81 /* Supporting Files */ = {
			isa = PBXGroup;
			children = (
				5A26F7A91EEB17F2009DFC81 /* main.m */,
			);
			name = "Supporting Files";
			sourceTree = "<group>";
		};
		5A26F7C11EEB17F2009DFC81 /* stripetestTests */ = {
			isa = PBXGroup;
			children = (
				5A26F7C21EEB17F2009DFC81 /* stripetestTests.m */,
				5A26F7C41EEB17F2009DFC81 /* Info.plist */,
			);
			path = stripetestTests;
			sourceTree = "<group>";
		};
		5A26F7CC1EEB17F2009DFC81 /* stripetestUITests */ = {
			isa = PBXGroup;
			children = (
				5A26F7CD1EEB17F2009DFC81 /* stripetestUITests.m */,
				5A26F7CF1EEB17F2009DFC81 /* Info.plist */,
			);
			path = stripetestUITests;
			sourceTree = "<group>";
		};
/* End PBXGroup section */

/* Begin PBXNativeTarget section */
		5A26F7A41EEB17F2009DFC81 /* stripetest */ = {
			isa = PBXNativeTarget;
			buildConfigurationList = 5A26F7D21EEB17F2009DFC81 /* Build configuration list for PBXNativeTarget "stripetest" */;
			buildPhases = (
				5A26F7A11EEB17F2009DFC81 /* Sources */,
				5A26F7A21EEB17F2009DFC81 /* Frameworks */,
				5A26F7A31EEB17F2009DFC81 /* Resources */,
			);
			buildRules = (
			);
			dependencies = (
			);
			name = stripetest;
			productName = stripetest;
			productReference = 5A26F7A51EEB17F2009DFC81 /* stripetest.app */;
			productType = "com.apple.product-type.application";
		};
		5A26F7BD1EEB17F2009DFC81 /* stripetestTests */ = {
			isa = PBXNativeTarget;
			buildConfigurationList = 5A26F7D51EEB17F2009DFC81 /* Build configuration list for PBXNativeTarget "stripetestTests" */;
			buildPhases = (
				5A26F7BA1EEB17F2009DFC81 /* Sources */,
				5A26F7BB1EEB17F2009DFC81 /* Frameworks */,
				5A26F7BC1EEB17F2009DFC81 /* Resources */,
			);
			buildRules = (
			);
			dependencies = (
				5A26F7C01EEB17F2009DFC81 /* PBXTargetDependency */,
			);
			name = stripetestTests;
			productName = stripetestTests;
			productReference = 5A26F7BE1EEB17F2009DFC81 /* stripetestTests.xctest */;
			productType = "com.apple.product-type.bundle.unit-test";
		};
		5A26F7C81EEB17F2009DFC81 /* stripetestUITests */ = {
			isa = PBXNativeTarget;
			buildConfigurationList = 5A26F7D81EEB17F2009DFC81 /* Build configuration list for PBXNativeTarget "stripetestUITests" */;
			buildPhases = (
				5A26F7C51EEB17F2009DFC81 /* Sources */,
				5A26F7C61EEB17F2009DFC81 /* Frameworks */,
				5A26F7C71EEB17F2009DFC81 /* Resources */,
			);
			buildRules = (
			);
			dependencies = (
				5A26F7CB1EEB17F2009DFC81 /* PBXTargetDependency */,
			);
			name = stripetestUITests;
			productName = stripetestUITests;
			productReference = 5A26F7C91EEB17F2009DFC81 /* stripetestUITests.xctest */;
			productType = "com.apple.product-type.bundle.ui-testing";
		};
/* End PBXNativeTarget section */

/* Begin PBXProject section */
		5A26F79D1EEB17F2009DFC81 /* Project object */ = {
			isa = PBXProject;
			attributes = {
				LastUpgradeCheck = 0830;
				ORGANIZATIONNAME = "zach wick";
				TargetAttributes = {
					5A26F7A41EEB17F2009DFC81 = {
						CreatedOnToolsVersion = 8.3;
						DevelopmentTeam = J8HFB56UPW;
						ProvisioningStyle = Automatic;
					};
					5A26F7BD1EEB17F2009DFC81 = {
						CreatedOnToolsVersion = 8.3;
						DevelopmentTeam = J8HFB56UPW;
						ProvisioningStyle = Automatic;
						TestTargetID = 5A26F7A41EEB17F2009DFC81;
					};
					5A26F7C81EEB17F2009DFC81 = {
						CreatedOnToolsVersion = 8.3;
						DevelopmentTeam = J8HFB56UPW;
						ProvisioningStyle = Automatic;
						TestTargetID = 5A26F7A41EEB17F2009DFC81;
					};
				};
			};
			buildConfigurationList = 5A26F7A01EEB17F2009DFC81 /* Build configuration list for PBXProject "stripetest" */;
			compatibilityVersion = "Xcode 3.2";
			developmentRegion = English;
			hasScannedForEncodings = 0;
			knownRegions = (
				en,
				Base,
			);
			mainGroup = 5A26F79C1EEB17F2009DFC81;
			productRefGroup = 5A26F7A61EEB17F2009DFC81 /* Products */;
			projectDirPath = "";
			projectRoot = "";
			targets = (
				5A26F7A41EEB17F2009DFC81 /* stripetest */,
				5A26F7BD1EEB17F2009DFC81 /* stripetestTests */,
				5A26F7C81EEB17F2009DFC81 /* stripetestUITests */,
			);
		};
/* End PBXProject section */

/* Begin PBXResourcesBuildPhase section */
		5A26F7A31EEB17F2009DFC81 /* Resources */ = {
			isa = PBXResourcesBuildPhase;
			buildActionMask = 2147483647;
			files = (
				5A26F7B81EEB17F2009DFC81 /* LaunchScreen.storyboard in Resources */,
				5A26F7B51EEB17F2009DFC81 /* Assets.xcassets in Resources */,
				5A26F7B31EEB17F2009DFC81 /* Main.storyboard in Resources */,
			);
			runOnlyForDeploymentPostprocessing = 0;
		};
		5A26F7BC1EEB17F2009DFC81 /* Resources */ = {
			isa = PBXResourcesBuildPhase;
			buildActionMask = 2147483647;
			files = (
			);
			runOnlyForDeploymentPostprocessing = 0;
		};
		5A26F7C71EEB17F2009DFC81 /* Resources */ = {
			isa = PBXResourcesBuildPhase;
			buildActionMask = 2147483647;
			files = (
			);
			runOnlyForDeploymentPostprocessing = 0;
		};
/* End PBXResourcesBuildPhase section */

/* Begin PBXSourcesBuildPhase section */
		5A26F7A11EEB17F2009DFC81 /* Sources */ = {
			isa = PBXSourcesBuildPhase;
			buildActionMask = 2147483647;
			files = (
				5A26F7B01EEB17F2009DFC81 /* ViewController.m in Sources */,
				5A26F7AD1EEB17F2009DFC81 /* AppDelegate.m in Sources */,
				5A26F7AA1EEB17F2009DFC81 /* main.m in Sources */,
			);
			runOnlyForDeploymentPostprocessing = 0;
		};
		5A26F7BA1EEB17F2009DFC81 /* Sources */ = {
			isa = PBXSourcesBuildPhase;
			buildActionMask = 2147483647;
			files = (
				5A26F7C31EEB17F2009DFC81 /* stripetestTests.m in Sources */,
			);
			runOnlyForDeploymentPostprocessing = 0;
		};
		5A26F7C51EEB17F2009DFC81 /* Sources */ = {
			isa = PBXSourcesBuildPhase;
			buildActionMask = 2147483647;
			files = (
				5A26F7CE1EEB17F2009DFC81 /* stripetestUITests.m in Sources */,
			);
			runOnlyForDeploymentPostprocessing = 0;
		};
/* End PBXSourcesBuildPhase section */

/* Begin PBXTargetDependency section */
		5A26F7C01EEB17F2009DFC81 /* PBXTargetDependency */ = {
			isa = PBXTargetDependency;
			target = 5A26F7A41EEB17F2009DFC81 /* stripetest */;
			targetProxy = 5A26F7BF1EEB17F2009DFC81 /* PBXContainerItemProxy */;
		};
		5A26F7CB1EEB17F2009DFC81 /* PBXTargetDependency */ = {
			isa = PBXTargetDependency;
			target = 5A26F7A41EEB17F2009DFC81 /* stripetest */;
			targetProxy = 5A26F7CA1EEB17F2009DFC81 /* PBXContainerItemProxy */;
		};
/* End PBXTargetDependency section */

/* Begin PBXVariantGroup section */
		5A26F7B11EEB17F2009DFC81 /* Main.storyboard */ = {
			isa = PBXVariantGroup;
			children = (
				5A26F7B21EEB17F2009DFC81 /* Base */,
			);
			name = Main.storyboard;
			sourceTree = "<group>";
		};
		5A26F7B61EEB17F2009DFC81 /* LaunchScreen.storyboard */ = {
			isa = PBXVariantGroup;
			children = (
				5A26F7B71EEB17F2009DFC81 /* Base */,
			);
			name = LaunchScreen.storyboard;
			sourceTree = "<group>";
		};
/* End PBXVariantGroup section */

/* Begin XCBuildConfiguration section */
		5A26F7D01EEB17F2009DFC81 /* Debug */ = {
			isa = XCBuildConfiguration;
			buildSettings = {
				ALWAYS_SEARCH_USER_PATHS = NO;
				CLANG_ANALYZER_NONNULL = YES;
				CLANG_ANALYZER_NUMBER_OBJECT_CONVERSION = YES_AGGRESSIVE;
				CLANG_CXX_LANGUAGE_STANDARD = "gnu++0x";
				CLANG_CXX_LIBRARY = "libc++";
				CLANG_ENABLE_MODULES = YES;
				CLANG_ENABLE_OBJC_ARC = YES;
				CLANG_WARN_BOOL_CONVERSION = YES;
				CLANG_WARN_CONSTANT_CONVERSION = YES;
				CLANG_WARN_DIRECT_OBJC_ISA_USAGE = YES_ERROR;
				CLANG_WARN_DOCUMENTATION_COMMENTS = YES;
				CLANG_WARN_EMPTY_BODY = YES;
				CLANG_WARN_ENUM_CONVERSION = YES;
				CLANG_WARN_INFINITE_RECURSION = YES;
				CLANG_WARN_INT_CONVERSION = YES;
				CLANG_WARN_OBJC_ROOT_CLASS = YES_ERROR;
				CLANG_WARN_SUSPICIOUS_MOVE = YES;
				CLANG_WARN_UNREACHABLE_CODE = YES;
				CLANG_WARN__DUPLICATE_METHOD_MATCH = YES;
				"CODE_SIGN_IDENTITY[sdk=iphoneos*]" = "iPhone Developer";
				COPY_PHASE_STRIP = NO;
				DEBUG_INFORMATION_FORMAT = dwarf;
				ENABLE_STRICT_OBJC_MSGSEND = YES;
				ENABLE_TESTABILITY = YES;
				GCC_C_LANGUAGE_STANDARD = gnu99;
				GCC_DYNAMIC_NO_PIC = NO;
				GCC_NO_COMMON_BLOCKS = YES;
				GCC_OPTIMIZATION_LEVEL = 0;
				GCC_PREPROCESSOR_DEFINITIONS = (
					"DEBUG=1",
					"$(inherited)",
				);
				GCC_WARN_64_TO_32_BIT_CONVERSION = YES;
				GCC_WARN_ABOUT_RETURN_TYPE = YES_ERROR;
				GCC_WARN_UNDECLARED_SELECTOR = YES;
				GCC_WARN_UNINITIALIZED_AUTOS = YES_AGGRESSIVE;
				GCC_WARN_UNUSED_FUNCTION = YES;
				GCC_WARN_UNUSED_VARIABLE = YES;
				IPHONEOS_DEPLOYMENT_TARGET = 10.3;
				MTL_ENABLE_DEBUG_INFO = YES;
				ONLY_ACTIVE_ARCH = YES;
				SDKROOT = iphoneos;
				TARGETED_DEVICE_FAMILY = "1,2";
			};
			name = Debug;
		};
		5A26F7D11EEB17F2009DFC81 /* Release */ = {
			isa = XCBuildConfiguration;
			buildSettings = {
				ALWAYS_SEARCH_USER_PATHS = NO;
				CLANG_ANALYZER_NONNULL = YES;
				CLANG_ANALYZER_NUMBER_OBJECT_CONVERSION = YES_AGGRESSIVE;
				CLANG_CXX_LANGUAGE_STANDARD = "gnu++0x";
				CLANG_CXX_LIBRARY = "libc++";
				CLANG_ENABLE_MODULES = YES;
				CLANG_ENABLE_OBJC_ARC = YES;
				CLANG_WARN_BOOL_CONVERSION = YES;
				CLANG_WARN_CONSTANT_CONVERSION = YES;
				CLANG_WARN_DIRECT_OBJC_ISA_USAGE = YES_ERROR;
				CLANG_WARN_DOCUMENTATION_COMMENTS = YES;
				CLANG_WARN_EMPTY_BODY = YES;
				CLANG_WARN_ENUM_CONVERSION = YES;
				CLANG_WARN_INFINITE_RECURSION = YES;
				CLANG_WARN_INT_CONVERSION = YES;
				CLANG_WARN_OBJC_ROOT_CLASS = YES_ERROR;
				CLANG_WARN_SUSPICIOUS_MOVE = YES;
				CLANG_WARN_UNREACHABLE_CODE = YES;
				CLANG_WARN__DUPLICATE_METHOD_MATCH = YES;
				"CODE_SIGN_IDENTITY[sdk=iphoneos*]" = "iPhone Developer";
				COPY_PHASE_STRIP = NO;
				DEBUG_INFORMATION_FORMAT = "dwarf-with-dsym";
				ENABLE_NS_ASSERTIONS = NO;
				ENABLE_STRICT_OBJC_MSGSEND = YES;
				GCC_C_LANGUAGE_STANDARD = gnu99;
				GCC_NO_COMMON_BLOCKS = YES;
				GCC_WARN_64_TO_32_BIT_CONVERSION = YES;
				GCC_WARN_ABOUT_RETURN_TYPE = YES_ERROR;
				GCC_WARN_UNDECLARED_SELECTOR = YES;
				GCC_WARN_UNINITIALIZED_AUTOS = YES_AGGRESSIVE;
				GCC_WARN_UNUSED_FUNCTION = YES;
				GCC_WARN_UNUSED_VARIABLE = YES;
				IPHONEOS_DEPLOYMENT_TARGET = 10.3;
				MTL_ENABLE_DEBUG_INFO = NO;
				SDKROOT = iphoneos;
				TARGETED_DEVICE_FAMILY = "1,2";
				VALIDATE_PRODUCT = YES;
			};
			name = Release;
		};
		5A26F7D31EEB17F2009DFC81 /* Debug */ = {
			isa = XCBuildConfiguration;
			buildSettings = {
				ASSETCATALOG_COMPILER_APPICON_NAME = AppIcon;
				DEVELOPMENT_TEAM = J8HFB56UPW;
				INFOPLIST_FILE = stripetest/Info.plist;
				LD_RUNPATH_SEARCH_PATHS = "$(inherited) @executable_path/Frameworks";
				PRODUCT_BUNDLE_IDENTIFIER = Stripe.stripetest;
				PRODUCT_NAME = "$(TARGET_NAME)";
			};
			name = Debug;
		};
		5A26F7D41EEB17F2009DFC81 /* Release */ = {
			isa = XCBuildConfiguration;
			buildSettings = {
				ASSETCATALOG_COMPILER_APPICON_NAME = AppIcon;
				DEVELOPMENT_TEAM = J8HFB56UPW;
				INFOPLIST_FILE = stripetest/Info.plist;
				LD_RUNPATH_SEARCH_PATHS = "$(inherited) @executable_path/Frameworks";
				PRODUCT_BUNDLE_IDENTIFIER = Stripe.stripetest;
				PRODUCT_NAME = "$(TARGET_NAME)";
			};
			name = Release;
		};
		5A26F7D61EEB17F2009DFC81 /* Debug */ = {
			isa = XCBuildConfiguration;
			buildSettings = {
				BUNDLE_LOADER = "$(TEST_HOST)";
				DEVELOPMENT_TEAM = J8HFB56UPW;
				INFOPLIST_FILE = stripetestTests/Info.plist;
				LD_RUNPATH_SEARCH_PATHS = "$(inherited) @executable_path/Frameworks @loader_path/Frameworks";
				PRODUCT_BUNDLE_IDENTIFIER = Stripe.stripetestTests;
				PRODUCT_NAME = "$(TARGET_NAME)";
				TEST_HOST = "$(BUILT_PRODUCTS_DIR)/stripetest.app/stripetest";
			};
			name = Debug;
		};
		5A26F7D71EEB17F2009DFC81 /* Release */ = {
			isa = XCBuildConfiguration;
			buildSettings = {
				BUNDLE_LOADER = "$(TEST_HOST)";
				DEVELOPMENT_TEAM = J8HFB56UPW;
				INFOPLIST_FILE = stripetestTests/Info.plist;
				LD_RUNPATH_SEARCH_PATHS = "$(inherited) @executable_path/Frameworks @loader_path/Frameworks";
				PRODUCT_BUNDLE_IDENTIFIER = Stripe.stripetestTests;
				PRODUCT_NAME = "$(TARGET_NAME)";
				TEST_HOST = "$(BUILT_PRODUCTS_DIR)/stripetest.app/stripetest";
			};
			name = Release;
		};
		5A26F7D91EEB17F2009DFC81 /* Debug */ = {
			isa = XCBuildConfiguration;
			buildSettings = {
				DEVELOPMENT_TEAM = J8HFB56UPW;
				INFOPLIST_FILE = stripetestUITests/Info.plist;
				LD_RUNPATH_SEARCH_PATHS = "$(inherited) @executable_path/Frameworks @loader_path/Frameworks";
				PRODUCT_BUNDLE_IDENTIFIER = Stripe.stripetestUITests;
				PRODUCT_NAME = "$(TARGET_NAME)";
				TEST_TARGET_NAME = stripetest;
			};
			name = Debug;
		};
		5A26F7DA1EEB17F2009DFC81 /* Release */ = {
			isa = XCBuildConfiguration;
			buildSettings = {
				DEVELOPMENT_TEAM = J8HFB56UPW;
				INFOPLIST_FILE = stripetestUITests/Info.plist;
				LD_RUNPATH_SEARCH_PATHS = "$(inherited) @executable_path/Frameworks @loader_path/Frameworks";
				PRODUCT_BUNDLE_IDENTIFIER = Stripe.stripetestUITests;
				PRODUCT_NAME = "$(TARGET_NAME)";
				TEST_TARGET_NAME = stripetest;
			};
			name = Release;
		};
/* End XCBuildConfiguration section */

/* Begin XCConfigurationList section */
		5A26F7A01EEB17F2009DFC81 /* Build configuration list for PBXProject "stripetest" */ = {
			isa = XCConfigurationList;
			buildConfigurations = (
				5A26F7D01EEB17F2009DFC81 /* Debug */,
				5A26F7D11EEB17F2009DFC81 /* Release */,
			);
			defaultConfigurationIsVisible = 0;
			defaultConfigurationName = Release;
		};
		5A26F7D21EEB17F2009DFC81 /* Build configuration list for PBXNativeTarget "stripetest" */ = {
			isa = XCConfigurationList;
			buildConfigurations = (
				5A26F7D31EEB17F2009DFC81 /* Debug */,
				5A26F7D41EEB17F2009DFC81 /* Release */,
			);
			defaultConfigurationIsVisible = 0;
		};
		5A26F7D51EEB17F2009DFC81 /* Build configuration list for PBXNativeTarget "stripetestTests" */ = {
			isa = XCConfigurationList;
			buildConfigurations = (
				5A26F7D61EEB17F2009DFC81 /* Debug */,
				5A26F7D71EEB17F2009DFC81 /* Release */,
			);
			defaultConfigurationIsVisible = 0;
		};
		5A26F7D81EEB17F2009DFC81 /* Build configuration list for PBXNativeTarget "stripetestUITests" */ = {
			isa = XCConfigurationList;
			buildConfigurations = (
				5A26F7D91EEB17F2009DFC81 /* Debug */,
				5A26F7DA1EEB17F2009DFC81 /* Release */,
			);
			defaultConfigurationIsVisible = 0;
		};
/* End XCConfigurationList section */
	};
	rootObject = 5A26F79D1EEB17F2009DFC81 /* Project object */;
}
